
Microsoft Visual Studio Solution File, Format Version 12.00
# Visual Studio 14
VisualStudioVersion = 14.0.25420.1
MinimumVisualStudioVersion = 10.0.40219.1
Project("{FAE04EC0-301F-11D3-BF4B-00C04F79EFBC}") = "Poker", "Poker\Poker.csproj", "{BC90206D-EB24-43BD-BE8C-83AB3D2D5EEF}"
EndProject
Global
	GlobalSection(SolutionConfigurationPlatforms) = preSolution
		Debug|Any CPU = Debug|Any CPU
		Release|Any CPU = Release|Any CPU
	EndGlobalSection
	GlobalSection(ProjectConfigurationPlatforms) = postSolution
		{BC90206D-EB24-43BD-BE8C-83AB3D2D5EEF}.Debug|Any CPU.ActiveCfg = Debug|Any CPU
		{BC90206D-EB24-43BD-BE8C-83AB3D2D5EEF}.Debug|Any CPU.Build.0 = Debug|Any CPU
		{BC90206D-EB24-43BD-BE8C-83AB3D2D5EEF}.Release|Any CPU.ActiveCfg = Release|Any CPU
		{BC90206D-EB24-43BD-BE8C-83AB3D2D5EEF}.Release|Any CPU.Build.0 = Release|Any CPU
	EndGlobalSection
	GlobalSection(SolutionProperties) = preSolution
		HideSolutionNode = FALSE
	EndGlobalSection
EndGlobal
